// !$*UTF8*$!
{
	archiveVersion = 1;
	classes = {
	};
	objectVersion = 46;
	objects = {

/* Begin PBXBuildFile section */
		0A9998549C2F7E3F438C49EF /* Pods_Swift_Sina.framework in Frameworks */ = {isa = PBXBuildFile; fileRef = BD8E6B1BB65B37D96F0ED3FF /* Pods_Swift_Sina.framework */; };
		CF19AEE71D5C41E4004BF2AD /* UserAccountViewModel.swift in Sources */ = {isa = PBXBuildFile; fileRef = CF19AEE61D5C41E4004BF2AD /* UserAccountViewModel.swift */; };
		CF19AEEB1D5C463B004BF2AD /* WelcomeViewController.swift in Sources */ = {isa = PBXBuildFile; fileRef = CF19AEE91D5C463B004BF2AD /* WelcomeViewController.swift */; };
		CF19AEEC1D5C463B004BF2AD /* WelcomeViewController.xib in Resources */ = {isa = PBXBuildFile; fileRef = CF19AEEA1D5C463B004BF2AD /* WelcomeViewController.xib */; };
		CF19AEEF1D5C6BC9004BF2AD /* StatusModel.swift in Sources */ = {isa = PBXBuildFile; fileRef = CF19AEEE1D5C6BC9004BF2AD /* StatusModel.swift */; };
		CF19AEF11D5C92FB004BF2AD /* NSDate-JSExtension.swift in Sources */ = {isa = PBXBuildFile; fileRef = CF19AEF01D5C92FB004BF2AD /* NSDate-JSExtension.swift */; };
		CF19AEF31D5C958D004BF2AD /* UserModel.swift in Sources */ = {isa = PBXBuildFile; fileRef = CF19AEF21D5C958D004BF2AD /* UserModel.swift */; };
		CF19AEF51D5C9A58004BF2AD /* StatusViewModel.swift in Sources */ = {isa = PBXBuildFile; fileRef = CF19AEF41D5C9A58004BF2AD /* StatusViewModel.swift */; };
		CF19AEF71D5CA254004BF2AD /* HomeViewCell.swift in Sources */ = {isa = PBXBuildFile; fileRef = CF19AEF61D5CA254004BF2AD /* HomeViewCell.swift */; };
		CF1E9FA61D580E56000E6D56 /* Home.storyboard in Resources */ = {isa = PBXBuildFile; fileRef = CF1E9FA41D580E56000E6D56 /* Home.storyboard */; };
		CF1E9FA81D580E78000E6D56 /* Message.storyboard in Resources */ = {isa = PBXBuildFile; fileRef = CF1E9FA71D580E78000E6D56 /* Message.storyboard */; };
		CF1E9FAD1D580F40000E6D56 /* Publish.storyboard in Resources */ = {isa = PBXBuildFile; fileRef = CF1E9FAC1D580F40000E6D56 /* Publish.storyboard */; };
		CF1E9FB01D580F5D000E6D56 /* Discover.storyboard in Resources */ = {isa = PBXBuildFile; fileRef = CF1E9FAE1D580F5D000E6D56 /* Discover.storyboard */; };
		CF1E9FB21D580F83000E6D56 /* Profile.storyboard in Resources */ = {isa = PBXBuildFile; fileRef = CF1E9FB11D580F83000E6D56 /* Profile.storyboard */; };
		CF1E9FB61D582248000E6D56 /* UIButton-JSExtension.swift in Sources */ = {isa = PBXBuildFile; fileRef = CF1E9FB51D582248000E6D56 /* UIButton-JSExtension.swift */; };
		CF1E9FBC1D583799000E6D56 /* BaseViewController.swift in Sources */ = {isa = PBXBuildFile; fileRef = CF1E9FBB1D583799000E6D56 /* BaseViewController.swift */; };
		CF1E9FBE1D583A3D000E6D56 /* VisitorView.swift in Sources */ = {isa = PBXBuildFile; fileRef = CF1E9FBD1D583A3D000E6D56 /* VisitorView.swift */; };
		CF1E9FC01D583A45000E6D56 /* VisitorView.xib in Resources */ = {isa = PBXBuildFile; fileRef = CF1E9FBF1D583A45000E6D56 /* VisitorView.xib */; };
		CF1E9FC21D58830B000E6D56 /* UIBarButtonItem-JSExtension.swift in Sources */ = {isa = PBXBuildFile; fileRef = CF1E9FC11D58830B000E6D56 /* UIBarButtonItem-JSExtension.swift */; };
		CF1E9FC61D588713000E6D56 /* JSRightImageButton.swift in Sources */ = {isa = PBXBuildFile; fileRef = CF1E9FC51D588713000E6D56 /* JSRightImageButton.swift */; };
		CF1E9FCA1D588BA3000E6D56 /* JSPopoverViewController.swift in Sources */ = {isa = PBXBuildFile; fileRef = CF1E9FC81D588BA3000E6D56 /* JSPopoverViewController.swift */; };
		CF1E9FCB1D588BA3000E6D56 /* JSPopoverViewController.xib in Resources */ = {isa = PBXBuildFile; fileRef = CF1E9FC91D588BA3000E6D56 /* JSPopoverViewController.xib */; };
		CF4090C31D56DA4000D4FCC2 /* AppDelegate.swift in Sources */ = {isa = PBXBuildFile; fileRef = CF4090C21D56DA4000D4FCC2 /* AppDelegate.swift */; };
		CF4090C81D56DA4000D4FCC2 /* Main.storyboard in Resources */ = {isa = PBXBuildFile; fileRef = CF4090C61D56DA4000D4FCC2 /* Main.storyboard */; };
		CF4090CB1D56DA4000D4FCC2 /* Swift_Sina.xcdatamodeld in Sources */ = {isa = PBXBuildFile; fileRef = CF4090C91D56DA4000D4FCC2 /* Swift_Sina.xcdatamodeld */; };
		CF4090D01D56DA4000D4FCC2 /* LaunchScreen.storyboard in Resources */ = {isa = PBXBuildFile; fileRef = CF4090CE1D56DA4000D4FCC2 /* LaunchScreen.storyboard */; };
		CF4090DB1D56DA4000D4FCC2 /* Swift_SinaTests.swift in Sources */ = {isa = PBXBuildFile; fileRef = CF4090DA1D56DA4000D4FCC2 /* Swift_SinaTests.swift */; };
		CF4090E61D56DA4000D4FCC2 /* Swift_SinaUITests.swift in Sources */ = {isa = PBXBuildFile; fileRef = CF4090E51D56DA4000D4FCC2 /* Swift_SinaUITests.swift */; };
		CF4091101D572C4100D4FCC2 /* MainViewController.swift in Sources */ = {isa = PBXBuildFile; fileRef = CF40910F1D572C4100D4FCC2 /* MainViewController.swift */; };
		CF4091171D572DEF00D4FCC2 /* HomeViewController.swift in Sources */ = {isa = PBXBuildFile; fileRef = CF4091161D572DEF00D4FCC2 /* HomeViewController.swift */; };
		CF4091191D57307900D4FCC2 /* Assets.xcassets in Resources */ = {isa = PBXBuildFile; fileRef = CF4091181D57307900D4FCC2 /* Assets.xcassets */; };
		CF40911B1D5734C700D4FCC2 /* MessageViewController.swift in Sources */ = {isa = PBXBuildFile; fileRef = CF40911A1D5734C700D4FCC2 /* MessageViewController.swift */; };
		CF40911D1D5734D600D4FCC2 /* DiscoverViewController.swift in Sources */ = {isa = PBXBuildFile; fileRef = CF40911C1D5734D600D4FCC2 /* DiscoverViewController.swift */; };
		CF40911F1D5734E100D4FCC2 /* ProfileViewController.swift in Sources */ = {isa = PBXBuildFile; fileRef = CF40911E1D5734E100D4FCC2 /* ProfileViewController.swift */; };
		CF602B081D5D5E2A002B0D3C /* PictureCollectionView.swift in Sources */ = {isa = PBXBuildFile; fileRef = CF602B071D5D5E2A002B0D3C /* PictureCollectionView.swift */; };
		CF732AE61D5AAF8700820F66 /* JSPresentationController.swift in Sources */ = {isa = PBXBuildFile; fileRef = CF732AE51D5AAF8700820F66 /* JSPresentationController.swift */; };
		CF732AE81D5ABE4300820F66 /* JSPopoverAnimation.swift in Sources */ = {isa = PBXBuildFile; fileRef = CF732AE71D5ABE4300820F66 /* JSPopoverAnimation.swift */; };
		CF732AEC1D5AFECD00820F66 /* QAuthViewController.swift in Sources */ = {isa = PBXBuildFile; fileRef = CF732AEA1D5AFECD00820F66 /* QAuthViewController.swift */; };
		CF732AED1D5AFECD00820F66 /* QAuthViewController.xib in Resources */ = {isa = PBXBuildFile; fileRef = CF732AEB1D5AFECD00820F66 /* QAuthViewController.xib */; };
		CF732AEF1D5B028800820F66 /* Const.swift in Sources */ = {isa = PBXBuildFile; fileRef = CF732AEE1D5B028800820F66 /* Const.swift */; };
		CF732AF11D5B2F4A00820F66 /* JSNetWorkingTools.swift in Sources */ = {isa = PBXBuildFile; fileRef = CF732AF01D5B2F4A00820F66 /* JSNetWorkingTools.swift */; };
		CF732AF31D5B334E00820F66 /* UserAccount.swift in Sources */ = {isa = PBXBuildFile; fileRef = CF732AF21D5B334E00820F66 /* UserAccount.swift */; };
		CFDF5D681D60050E009B1680 /* PublishViewController.swift in Sources */ = {isa = PBXBuildFile; fileRef = CFDF5D661D60050E009B1680 /* PublishViewController.swift */; };
		CFDF5D691D60050E009B1680 /* PublishViewController.xib in Resources */ = {isa = PBXBuildFile; fileRef = CFDF5D671D60050E009B1680 /* PublishViewController.xib */; };
		CFDF5D6B1D600705009B1680 /* PublishTitleView.swift in Sources */ = {isa = PBXBuildFile; fileRef = CFDF5D6A1D600705009B1680 /* PublishTitleView.swift */; };
		CFDF5D6D1D600D26009B1680 /* JSPlaceHolderTextView.swift in Sources */ = {isa = PBXBuildFile; fileRef = CFDF5D6C1D600D26009B1680 /* JSPlaceHolderTextView.swift */; };
		CFDF5D7C1D604D7C009B1680 /* PicPickerCollectionView.swift in Sources */ = {isa = PBXBuildFile; fileRef = CFDF5D7B1D604D7C009B1680 /* PicPickerCollectionView.swift */; };
		CFDF5D7F1D6050BD009B1680 /* PicPickerCell.swift in Sources */ = {isa = PBXBuildFile; fileRef = CFDF5D7D1D6050BD009B1680 /* PicPickerCell.swift */; };
		CFDF5D801D6050BD009B1680 /* PicPickerCell.xib in Resources */ = {isa = PBXBuildFile; fileRef = CFDF5D7E1D6050BD009B1680 /* PicPickerCell.xib */; };
/* End PBXBuildFile section */

/* Begin PBXContainerItemProxy section */
		CF4090D71D56DA4000D4FCC2 /* PBXContainerItemProxy */ = {
			isa = PBXContainerItemProxy;
			containerPortal = CF4090B71D56DA4000D4FCC2 /* Project object */;
			proxyType = 1;
			remoteGlobalIDString = CF4090BE1D56DA4000D4FCC2;
			remoteInfo = Swift_Sina;
		};
		CF4090E21D56DA4000D4FCC2 /* PBXContainerItemProxy */ = {
			isa = PBXContainerItemProxy;
			containerPortal = CF4090B71D56DA4000D4FCC2 /* Project object */;
			proxyType = 1;
			remoteGlobalIDString = CF4090BE1D56DA4000D4FCC2;
			remoteInfo = Swift_Sina;
		};
/* End PBXContainerItemProxy section */

/* Begin PBXFileReference section */
		7A16539A4B52B8D96286FEFB /* Pods-Swift_Sina.release.xcconfig */ = {isa = PBXFileReference; includeInIndex = 1; lastKnownFileType = text.xcconfig; name = "Pods-Swift_Sina.release.xcconfig"; path = "Pods/Target Support Files/Pods-Swift_Sina/Pods-Swift_Sina.release.xcconfig"; sourceTree = "<group>"; };
		BD8E6B1BB65B37D96F0ED3FF /* Pods_Swift_Sina.framework */ = {isa = PBXFileReference; explicitFileType = wrapper.framework; includeInIndex = 0; path = Pods_Swift_Sina.framework; sourceTree = BUILT_PRODUCTS_DIR; };
		CF19AEE61D5C41E4004BF2AD /* UserAccountViewModel.swift */ = {isa = PBXFileReference; fileEncoding = 4; lastKnownFileType = sourcecode.swift; path = UserAccountViewModel.swift; sourceTree = "<group>"; };
		CF19AEE91D5C463B004BF2AD /* WelcomeViewController.swift */ = {isa = PBXFileReference; fileEncoding = 4; lastKnownFileType = sourcecode.swift; path = WelcomeViewController.swift; sourceTree = "<group>"; };
		CF19AEEA1D5C463B004BF2AD /* WelcomeViewController.xib */ = {isa = PBXFileReference; fileEncoding = 4; lastKnownFileType = file.xib; path = WelcomeViewController.xib; sourceTree = "<group>"; };
		CF19AEEE1D5C6BC9004BF2AD /* StatusModel.swift */ = {isa = PBXFileReference; fileEncoding = 4; lastKnownFileType = sourcecode.swift; path = StatusModel.swift; sourceTree = "<group>"; };
		CF19AEF01D5C92FB004BF2AD /* NSDate-JSExtension.swift */ = {isa = PBXFileReference; fileEncoding = 4; lastKnownFileType = sourcecode.swift; path = "NSDate-JSExtension.swift"; sourceTree = "<group>"; };
		CF19AEF21D5C958D004BF2AD /* UserModel.swift */ = {isa = PBXFileReference; fileEncoding = 4; lastKnownFileType = sourcecode.swift; path = UserModel.swift; sourceTree = "<group>"; };
		CF19AEF41D5C9A58004BF2AD /* StatusViewModel.swift */ = {isa = PBXFileReference; fileEncoding = 4; lastKnownFileType = sourcecode.swift; path = StatusViewModel.swift; sourceTree = "<group>"; };
		CF19AEF61D5CA254004BF2AD /* HomeViewCell.swift */ = {isa = PBXFileReference; fileEncoding = 4; lastKnownFileType = sourcecode.swift; name = HomeViewCell.swift; path = UIPopover/HomeViewCell.swift; sourceTree = "<group>"; };
		CF1E9FA51D580E56000E6D56 /* Base */ = {isa = PBXFileReference; lastKnownFileType = file.storyboard; name = Base; path = Base.lproj/Home.storyboard; sourceTree = "<group>"; };
		CF1E9FA71D580E78000E6D56 /* Message.storyboard */ = {isa = PBXFileReference; fileEncoding = 4; lastKnownFileType = file.storyboard; name = Message.storyboard; path = ../../Message.storyboard; sourceTree = "<group>"; };
		CF1E9FAC1D580F40000E6D56 /* Publish.storyboard */ = {isa = PBXFileReference; fileEncoding = 4; lastKnownFileType = file.storyboard; name = Publish.storyboard; path = ../../Publish.storyboard; sourceTree = "<group>"; };
		CF1E9FAF1D580F5D000E6D56 /* Base */ = {isa = PBXFileReference; lastKnownFileType = file.storyboard; name = Base; path = Base.lproj/Discover.storyboard; sourceTree = "<group>"; };
		CF1E9FB11D580F83000E6D56 /* Profile.storyboard */ = {isa = PBXFileReference; fileEncoding = 4; lastKnownFileType = file.storyboard; name = Profile.storyboard; path = ../../Profile.storyboard; sourceTree = "<group>"; };
		CF1E9FB51D582248000E6D56 /* UIButton-JSExtension.swift */ = {isa = PBXFileReference; fileEncoding = 4; lastKnownFileType = sourcecode.swift; path = "UIButton-JSExtension.swift"; sourceTree = "<group>"; };
		CF1E9FBB1D583799000E6D56 /* BaseViewController.swift */ = {isa = PBXFileReference; fileEncoding = 4; lastKnownFileType = sourcecode.swift; path = BaseViewController.swift; sourceTree = "<group>"; };
		CF1E9FBD1D583A3D000E6D56 /* VisitorView.swift */ = {isa = PBXFileReference; fileEncoding = 4; lastKnownFileType = sourcecode.swift; path = VisitorView.swift; sourceTree = "<group>"; };
		CF1E9FBF1D583A45000E6D56 /* VisitorView.xib */ = {isa = PBXFileReference; fileEncoding = 4; lastKnownFileType = file.xib; path = VisitorView.xib; sourceTree = "<group>"; };
		CF1E9FC11D58830B000E6D56 /* UIBarButtonItem-JSExtension.swift */ = {isa = PBXFileReference; fileEncoding = 4; lastKnownFileType = sourcecode.swift; path = "UIBarButtonItem-JSExtension.swift"; sourceTree = "<group>"; };
		CF1E9FC51D588713000E6D56 /* JSRightImageButton.swift */ = {isa = PBXFileReference; fileEncoding = 4; lastKnownFileType = sourcecode.swift; path = JSRightImageButton.swift; sourceTree = "<group>"; };
		CF1E9FC81D588BA3000E6D56 /* JSPopoverViewController.swift */ = {isa = PBXFileReference; fileEncoding = 4; lastKnownFileType = sourcecode.swift; path = JSPopoverViewController.swift; sourceTree = "<group>"; };
		CF1E9FC91D588BA3000E6D56 /* JSPopoverViewController.xib */ = {isa = PBXFileReference; fileEncoding = 4; lastKnownFileType = file.xib; path = JSPopoverViewController.xib; sourceTree = "<group>"; };
		CF4090BF1D56DA4000D4FCC2 /* Swift_Sina.app */ = {isa = PBXFileReference; explicitFileType = wrapper.application; includeInIndex = 0; path = Swift_Sina.app; sourceTree = BUILT_PRODUCTS_DIR; };
		CF4090C21D56DA4000D4FCC2 /* AppDelegate.swift */ = {isa = PBXFileReference; lastKnownFileType = sourcecode.swift; path = AppDelegate.swift; sourceTree = "<group>"; };
		CF4090C71D56DA4000D4FCC2 /* Base */ = {isa = PBXFileReference; lastKnownFileType = file.storyboard; name = Base; path = Base.lproj/Main.storyboard; sourceTree = "<group>"; };
		CF4090CA1D56DA4000D4FCC2 /* Swift_Sina.xcdatamodel */ = {isa = PBXFileReference; lastKnownFileType = wrapper.xcdatamodel; path = Swift_Sina.xcdatamodel; sourceTree = "<group>"; };
		CF4090CF1D56DA4000D4FCC2 /* Base */ = {isa = PBXFileReference; lastKnownFileType = file.storyboard; name = Base; path = Base.lproj/LaunchScreen.storyboard; sourceTree = "<group>"; };
		CF4090D11D56DA4000D4FCC2 /* Info.plist */ = {isa = PBXFileReference; lastKnownFileType = text.plist.xml; path = Info.plist; sourceTree = "<group>"; };
		CF4090D61D56DA4000D4FCC2 /* Swift_SinaTests.xctest */ = {isa = PBXFileReference; explicitFileType = wrapper.cfbundle; includeInIndex = 0; path = Swift_SinaTests.xctest; sourceTree = BUILT_PRODUCTS_DIR; };
		CF4090DA1D56DA4000D4FCC2 /* Swift_SinaTests.swift */ = {isa = PBXFileReference; lastKnownFileType = sourcecode.swift; path = Swift_SinaTests.swift; sourceTree = "<group>"; };
		CF4090DC1D56DA4000D4FCC2 /* Info.plist */ = {isa = PBXFileReference; lastKnownFileType = text.plist.xml; path = Info.plist; sourceTree = "<group>"; };
		CF4090E11D56DA4000D4FCC2 /* Swift_SinaUITests.xctest */ = {isa = PBXFileReference; explicitFileType = wrapper.cfbundle; includeInIndex = 0; path = Swift_SinaUITests.xctest; sourceTree = BUILT_PRODUCTS_DIR; };
		CF4090E51D56DA4000D4FCC2 /* Swift_SinaUITests.swift */ = {isa = PBXFileReference; lastKnownFileType = sourcecode.swift; path = Swift_SinaUITests.swift; sourceTree = "<group>"; };
		CF4090E71D56DA4000D4FCC2 /* Info.plist */ = {isa = PBXFileReference; lastKnownFileType = text.plist.xml; path = Info.plist; sourceTree = "<group>"; };
		CF40910F1D572C4100D4FCC2 /* MainViewController.swift */ = {isa = PBXFileReference; fileEncoding = 4; lastKnownFileType = sourcecode.swift; name = MainViewController.swift; path = Controller/MainViewController.swift; sourceTree = "<group>"; };
		CF4091161D572DEF00D4FCC2 /* HomeViewController.swift */ = {isa = PBXFileReference; fileEncoding = 4; lastKnownFileType = sourcecode.swift; name = HomeViewController.swift; path = Controller/HomeViewController.swift; sourceTree = "<group>"; };
		CF4091181D57307900D4FCC2 /* Assets.xcassets */ = {isa = PBXFileReference; lastKnownFileType = folder.assetcatalog; path = Assets.xcassets; sourceTree = "<group>"; };
		CF40911A1D5734C700D4FCC2 /* MessageViewController.swift */ = {isa = PBXFileReference; fileEncoding = 4; lastKnownFileType = sourcecode.swift; name = MessageViewController.swift; path = Controller/MessageViewController.swift; sourceTree = "<group>"; };
		CF40911C1D5734D600D4FCC2 /* DiscoverViewController.swift */ = {isa = PBXFileReference; fileEncoding = 4; lastKnownFileType = sourcecode.swift; name = DiscoverViewController.swift; path = Controller/DiscoverViewController.swift; sourceTree = "<group>"; };
		CF40911E1D5734E100D4FCC2 /* ProfileViewController.swift */ = {isa = PBXFileReference; fileEncoding = 4; lastKnownFileType = sourcecode.swift; name = ProfileViewController.swift; path = Controller/ProfileViewController.swift; sourceTree = "<group>"; };
		CF602B071D5D5E2A002B0D3C /* PictureCollectionView.swift */ = {isa = PBXFileReference; fileEncoding = 4; lastKnownFileType = sourcecode.swift; path = PictureCollectionView.swift; sourceTree = "<group>"; };
		CF732AE51D5AAF8700820F66 /* JSPresentationController.swift */ = {isa = PBXFileReference; fileEncoding = 4; lastKnownFileType = sourcecode.swift; path = JSPresentationController.swift; sourceTree = "<group>"; };
		CF732AE71D5ABE4300820F66 /* JSPopoverAnimation.swift */ = {isa = PBXFileReference; fileEncoding = 4; lastKnownFileType = sourcecode.swift; path = JSPopoverAnimation.swift; sourceTree = "<group>"; };
		CF732AEA1D5AFECD00820F66 /* QAuthViewController.swift */ = {isa = PBXFileReference; fileEncoding = 4; lastKnownFileType = sourcecode.swift; path = QAuthViewController.swift; sourceTree = "<group>"; };
		CF732AEB1D5AFECD00820F66 /* QAuthViewController.xib */ = {isa = PBXFileReference; fileEncoding = 4; lastKnownFileType = file.xib; path = QAuthViewController.xib; sourceTree = "<group>"; };
		CF732AEE1D5B028800820F66 /* Const.swift */ = {isa = PBXFileReference; fileEncoding = 4; lastKnownFileType = sourcecode.swift; path = Const.swift; sourceTree = "<group>"; };
		CF732AF01D5B2F4A00820F66 /* JSNetWorkingTools.swift */ = {isa = PBXFileReference; fileEncoding = 4; lastKnownFileType = sourcecode.swift; path = JSNetWorkingTools.swift; sourceTree = "<group>"; };
		CF732AF21D5B334E00820F66 /* UserAccount.swift */ = {isa = PBXFileReference; fileEncoding = 4; lastKnownFileType = sourcecode.swift; path = UserAccount.swift; sourceTree = "<group>"; };
		CFDF5D661D60050E009B1680 /* PublishViewController.swift */ = {isa = PBXFileReference; fileEncoding = 4; lastKnownFileType = sourcecode.swift; path = PublishViewController.swift; sourceTree = "<group>"; };
		CFDF5D671D60050E009B1680 /* PublishViewController.xib */ = {isa = PBXFileReference; fileEncoding = 4; lastKnownFileType = file.xib; path = PublishViewController.xib; sourceTree = "<group>"; };
		CFDF5D6A1D600705009B1680 /* PublishTitleView.swift */ = {isa = PBXFileReference; fileEncoding = 4; lastKnownFileType = sourcecode.swift; path = PublishTitleView.swift; sourceTree = "<group>"; };
		CFDF5D6C1D600D26009B1680 /* JSPlaceHolderTextView.swift */ = {isa = PBXFileReference; fileEncoding = 4; lastKnownFileType = sourcecode.swift; path = JSPlaceHolderTextView.swift; sourceTree = "<group>"; };
		CFDF5D7B1D604D7C009B1680 /* PicPickerCollectionView.swift */ = {isa = PBXFileReference; fileEncoding = 4; lastKnownFileType = sourcecode.swift; path = PicPickerCollectionView.swift; sourceTree = "<group>"; };
		CFDF5D7D1D6050BD009B1680 /* PicPickerCell.swift */ = {isa = PBXFileReference; fileEncoding = 4; lastKnownFileType = sourcecode.swift; path = PicPickerCell.swift; sourceTree = "<group>"; };
		CFDF5D7E1D6050BD009B1680 /* PicPickerCell.xib */ = {isa = PBXFileReference; fileEncoding = 4; lastKnownFileType = file.xib; path = PicPickerCell.xib; sourceTree = "<group>"; };
		F5871772DD31A7D01F81A26F /* Pods-Swift_Sina.debug.xcconfig */ = {isa = PBXFileReference; includeInIndex = 1; lastKnownFileType = text.xcconfig; name = "Pods-Swift_Sina.debug.xcconfig"; path = "Pods/Target Support Files/Pods-Swift_Sina/Pods-Swift_Sina.debug.xcconfig"; sourceTree = "<group>"; };
/* End PBXFileReference section */

/* Begin PBXFrameworksBuildPhase section */
		CF4090BC1D56DA4000D4FCC2 /* Frameworks */ = {
			isa = PBXFrameworksBuildPhase;
			buildActionMask = 2147483647;
			files = (
				0A9998549C2F7E3F438C49EF /* Pods_Swift_Sina.framework in Frameworks */,
			);
			runOnlyForDeploymentPostprocessing = 0;
		};
		CF4090D31D56DA4000D4FCC2 /* Frameworks */ = {
			isa = PBXFrameworksBuildPhase;
			buildActionMask = 2147483647;
			files = (
			);
			runOnlyForDeploymentPostprocessing = 0;
		};
		CF4090DE1D56DA4000D4FCC2 /* Frameworks */ = {
			isa = PBXFrameworksBuildPhase;
			buildActionMask = 2147483647;
			files = (
			);
			runOnlyForDeploymentPostprocessing = 0;
		};
/* End PBXFrameworksBuildPhase section */

/* Begin PBXGroup section */
		3618C10ED7393914843EC04A /* Pods */ = {
			isa = PBXGroup;
			children = (
				F5871772DD31A7D01F81A26F /* Pods-Swift_Sina.debug.xcconfig */,
				7A16539A4B52B8D96286FEFB /* Pods-Swift_Sina.release.xcconfig */,
			);
			name = Pods;
			sourceTree = "<group>";
		};
		A1DA6EC0E9B07D2A3556372B /* Frameworks */ = {
			isa = PBXGroup;
			children = (
				BD8E6B1BB65B37D96F0ED3FF /* Pods_Swift_Sina.framework */,
			);
			name = Frameworks;
			sourceTree = "<group>";
		};
		CF19AEE81D5C4622004BF2AD /* Welcome */ = {
			isa = PBXGroup;
			children = (
				CF19AEE91D5C463B004BF2AD /* WelcomeViewController.swift */,
				CF19AEEA1D5C463B004BF2AD /* WelcomeViewController.xib */,
			);
			path = Welcome;
			sourceTree = "<group>";
		};
		CF19AEED1D5C6B92004BF2AD /* HomeModel */ = {
			isa = PBXGroup;
			children = (
				CF19AEEE1D5C6BC9004BF2AD /* StatusModel.swift */,
				CF19AEF21D5C958D004BF2AD /* UserModel.swift */,
				CF19AEF41D5C9A58004BF2AD /* StatusViewModel.swift */,
			);
			path = HomeModel;
			sourceTree = "<group>";
		};
		CF1E9FB31D5821B5000E6D56 /* Tools */ = {
			isa = PBXGroup;
			children = (
				CF1E9FB41D5821B5000E6D56 /* Category */,
				CF732AEE1D5B028800820F66 /* Const.swift */,
			);
			name = Tools;
			path = Publish/Tools;
			sourceTree = "<group>";
		};
		CF1E9FB41D5821B5000E6D56 /* Category */ = {
			isa = PBXGroup;
			children = (
				CF1E9FB51D582248000E6D56 /* UIButton-JSExtension.swift */,
				CF1E9FC11D58830B000E6D56 /* UIBarButtonItem-JSExtension.swift */,
				CF732AF01D5B2F4A00820F66 /* JSNetWorkingTools.swift */,
				CF19AEF01D5C92FB004BF2AD /* NSDate-JSExtension.swift */,
			);
			path = Category;
			sourceTree = "<group>";
		};
		CF1E9FB71D58372A000E6D56 /* Resource */ = {
			isa = PBXGroup;
			children = (
				CF4090C61D56DA4000D4FCC2 /* Main.storyboard */,
			);
			path = Resource;
			sourceTree = "<group>";
		};
		CF1E9FB81D58373B000E6D56 /* Visitor */ = {
			isa = PBXGroup;
			children = (
				CF1E9FBB1D583799000E6D56 /* BaseViewController.swift */,
				CF1E9FBD1D583A3D000E6D56 /* VisitorView.swift */,
				CF1E9FBF1D583A45000E6D56 /* VisitorView.xib */,
			);
			path = Visitor;
			sourceTree = "<group>";
		};
		CF1E9FC71D588B83000E6D56 /* UIPopover */ = {
			isa = PBXGroup;
			children = (
				CF1E9FC81D588BA3000E6D56 /* JSPopoverViewController.swift */,
				CF1E9FC91D588BA3000E6D56 /* JSPopoverViewController.xib */,
				CF732AE51D5AAF8700820F66 /* JSPresentationController.swift */,
				CF732AE71D5ABE4300820F66 /* JSPopoverAnimation.swift */,
			);
			path = UIPopover;
			sourceTree = "<group>";
		};
		CF4090B61D56DA4000D4FCC2 = {
			isa = PBXGroup;
			children = (
				CF4090C11D56DA4000D4FCC2 /* Swift_Sina */,
				CF4090D91D56DA4000D4FCC2 /* Swift_SinaTests */,
				CF4090E41D56DA4000D4FCC2 /* Swift_SinaUITests */,
				CF4090C01D56DA4000D4FCC2 /* Products */,
				3618C10ED7393914843EC04A /* Pods */,
				A1DA6EC0E9B07D2A3556372B /* Frameworks */,
			);
			sourceTree = "<group>";
		};
		CF4090C01D56DA4000D4FCC2 /* Products */ = {
			isa = PBXGroup;
			children = (
				CF4090BF1D56DA4000D4FCC2 /* Swift_Sina.app */,
				CF4090D61D56DA4000D4FCC2 /* Swift_SinaTests.xctest */,
				CF4090E11D56DA4000D4FCC2 /* Swift_SinaUITests.xctest */,
			);
			name = Products;
			sourceTree = "<group>";
		};
		CF4090C11D56DA4000D4FCC2 /* Swift_Sina */ = {
			isa = PBXGroup;
			children = (
				CF4090F91D5720C900D4FCC2 /* Classes */,
				CF4091181D57307900D4FCC2 /* Assets.xcassets */,
				CF4090C21D56DA4000D4FCC2 /* AppDelegate.swift */,
				CF4090CE1D56DA4000D4FCC2 /* LaunchScreen.storyboard */,
				CF4090D11D56DA4000D4FCC2 /* Info.plist */,
				CF4090C91D56DA4000D4FCC2 /* Swift_Sina.xcdatamodeld */,
			);
			path = Swift_Sina;
			sourceTree = "<group>";
		};
		CF4090D91D56DA4000D4FCC2 /* Swift_SinaTests */ = {
			isa = PBXGroup;
			children = (
				CF4090DA1D56DA4000D4FCC2 /* Swift_SinaTests.swift */,
				CF4090DC1D56DA4000D4FCC2 /* Info.plist */,
			);
			path = Swift_SinaTests;
			sourceTree = "<group>";
		};
		CF4090E41D56DA4000D4FCC2 /* Swift_SinaUITests */ = {
			isa = PBXGroup;
			children = (
				CF4090E51D56DA4000D4FCC2 /* Swift_SinaUITests.swift */,
				CF4090E71D56DA4000D4FCC2 /* Info.plist */,
			);
			path = Swift_SinaUITests;
			sourceTree = "<group>";
		};
		CF4090F91D5720C900D4FCC2 /* Classes */ = {
			isa = PBXGroup;
			children = (
				CF4090FF1D5720C900D4FCC2 /* Main */,
				CF4090FB1D5720C900D4FCC2 /* Home */,
				CF4091031D5720C900D4FCC2 /* Message */,
				CF4091071D5720C900D4FCC2 /* Profile */,
				CF40910B1D5720C900D4FCC2 /* Publish */,
				CF1E9FB31D5821B5000E6D56 /* Tools */,
			);
			path = Classes;
			sourceTree = "<group>";
		};
		CF4090FA1D5720C900D4FCC2 /* Discover */ = {
			isa = PBXGroup;
			children = (
				CF1E9FAE1D580F5D000E6D56 /* Discover.storyboard */,
				CF40911C1D5734D600D4FCC2 /* DiscoverViewController.swift */,
			);
			name = Discover;
			path = ../Discover;
			sourceTree = "<group>";
		};
		CF4090FB1D5720C900D4FCC2 /* Home */ = {
			isa = PBXGroup;
			children = (
				CF19AEED1D5C6B92004BF2AD /* HomeModel */,
				CF1E9FC71D588B83000E6D56 /* UIPopover */,
				CF1E9FA41D580E56000E6D56 /* Home.storyboard */,
				CF19AEF61D5CA254004BF2AD /* HomeViewCell.swift */,
				CF4091161D572DEF00D4FCC2 /* HomeViewController.swift */,
				CF1E9FC51D588713000E6D56 /* JSRightImageButton.swift */,
				CF602B071D5D5E2A002B0D3C /* PictureCollectionView.swift */,
			);
			path = Home;
			sourceTree = "<group>";
		};
		CF4090FF1D5720C900D4FCC2 /* Main */ = {
			isa = PBXGroup;
			children = (
				CF19AEE81D5C4622004BF2AD /* Welcome */,
				CF732AE91D5AFEB700820F66 /* QAuth */,
				CF1E9FB81D58373B000E6D56 /* Visitor */,
				CF1E9FB71D58372A000E6D56 /* Resource */,
				CF40910F1D572C4100D4FCC2 /* MainViewController.swift */,
			);
			path = Main;
			sourceTree = "<group>";
		};
		CF4091031D5720C900D4FCC2 /* Message */ = {
			isa = PBXGroup;
			children = (
				CF1E9FA71D580E78000E6D56 /* Message.storyboard */,
				CF40911A1D5734C700D4FCC2 /* MessageViewController.swift */,
				CF4090FA1D5720C900D4FCC2 /* Discover */,
			);
			path = Message;
			sourceTree = "<group>";
		};
		CF4091071D5720C900D4FCC2 /* Profile */ = {
			isa = PBXGroup;
			children = (
				CF1E9FB11D580F83000E6D56 /* Profile.storyboard */,
				CF40911E1D5734E100D4FCC2 /* ProfileViewController.swift */,
			);
			path = Profile;
			sourceTree = "<group>";
		};
		CF40910B1D5720C900D4FCC2 /* Publish */ = {
			isa = PBXGroup;
			children = (
				CFDF5D7A1D604D50009B1680 /* PicPicker */,
				CF1E9FAC1D580F40000E6D56 /* Publish.storyboard */,
				CFDF5D661D60050E009B1680 /* PublishViewController.swift */,
				CFDF5D671D60050E009B1680 /* PublishViewController.xib */,
				CFDF5D6A1D600705009B1680 /* PublishTitleView.swift */,
				CFDF5D6C1D600D26009B1680 /* JSPlaceHolderTextView.swift */,
			);
			path = Publish;
			sourceTree = "<group>";
		};
		CF732AE91D5AFEB700820F66 /* QAuth */ = {
			isa = PBXGroup;
			children = (
				CF732AEA1D5AFECD00820F66 /* QAuthViewController.swift */,
				CF732AEB1D5AFECD00820F66 /* QAuthViewController.xib */,
				CF732AF21D5B334E00820F66 /* UserAccount.swift */,
				CF19AEE61D5C41E4004BF2AD /* UserAccountViewModel.swift */,
			);
			path = QAuth;
			sourceTree = "<group>";
		};
		CFDF5D7A1D604D50009B1680 /* PicPicker */ = {
			isa = PBXGroup;
			children = (
				CFDF5D7B1D604D7C009B1680 /* PicPickerCollectionView.swift */,
				CFDF5D7D1D6050BD009B1680 /* PicPickerCell.swift */,
				CFDF5D7E1D6050BD009B1680 /* PicPickerCell.xib */,
			);
			path = PicPicker;
			sourceTree = "<group>";
		};
/* End PBXGroup section */

/* Begin PBXNativeTarget section */
		CF4090BE1D56DA4000D4FCC2 /* Swift_Sina */ = {
			isa = PBXNativeTarget;
			buildConfigurationList = CF4090EA1D56DA4000D4FCC2 /* Build configuration list for PBXNativeTarget "Swift_Sina" */;
			buildPhases = (
				74A808601CC91FAACC4E56F2 /* 📦 Check Pods Manifest.lock */,
				CF4090BB1D56DA4000D4FCC2 /* Sources */,
				CF4090BC1D56DA4000D4FCC2 /* Frameworks */,
				CF4090BD1D56DA4000D4FCC2 /* Resources */,
				384448CC895AC7F78E4AD1E6 /* 📦 Embed Pods Frameworks */,
				DF25B757E22265E532BFC1A1 /* 📦 Copy Pods Resources */,
			);
			buildRules = (
			);
			dependencies = (
			);
			name = Swift_Sina;
			productName = Swift_Sina;
			productReference = CF4090BF1D56DA4000D4FCC2 /* Swift_Sina.app */;
			productType = "com.apple.product-type.application";
		};
		CF4090D51D56DA4000D4FCC2 /* Swift_SinaTests */ = {
			isa = PBXNativeTarget;
			buildConfigurationList = CF4090ED1D56DA4000D4FCC2 /* Build configuration list for PBXNativeTarget "Swift_SinaTests" */;
			buildPhases = (
				CF4090D21D56DA4000D4FCC2 /* Sources */,
				CF4090D31D56DA4000D4FCC2 /* Frameworks */,
				CF4090D41D56DA4000D4FCC2 /* Resources */,
			);
			buildRules = (
			);
			dependencies = (
				CF4090D81D56DA4000D4FCC2 /* PBXTargetDependency */,
			);
			name = Swift_SinaTests;
			productName = Swift_SinaTests;
			productReference = CF4090D61D56DA4000D4FCC2 /* Swift_SinaTests.xctest */;
			productType = "com.apple.product-type.bundle.unit-test";
		};
		CF4090E01D56DA4000D4FCC2 /* Swift_SinaUITests */ = {
			isa = PBXNativeTarget;
			buildConfigurationList = CF4090F01D56DA4000D4FCC2 /* Build configuration list for PBXNativeTarget "Swift_SinaUITests" */;
			buildPhases = (
				CF4090DD1D56DA4000D4FCC2 /* Sources */,
				CF4090DE1D56DA4000D4FCC2 /* Frameworks */,
				CF4090DF1D56DA4000D4FCC2 /* Resources */,
			);
			buildRules = (
			);
			dependencies = (
				CF4090E31D56DA4000D4FCC2 /* PBXTargetDependency */,
			);
			name = Swift_SinaUITests;
			productName = Swift_SinaUITests;
			productReference = CF4090E11D56DA4000D4FCC2 /* Swift_SinaUITests.xctest */;
			productType = "com.apple.product-type.bundle.ui-testing";
		};
/* End PBXNativeTarget section */

/* Begin PBXProject section */
		CF4090B71D56DA4000D4FCC2 /* Project object */ = {
			isa = PBXProject;
			attributes = {
				LastSwiftUpdateCheck = 0730;
				LastUpgradeCheck = 0730;
				ORGANIZATIONNAME = Hunter;
				TargetAttributes = {
					CF4090BE1D56DA4000D4FCC2 = {
						CreatedOnToolsVersion = 7.3.1;
						DevelopmentTeam = FA2Z2E473C;
					};
					CF4090D51D56DA4000D4FCC2 = {
						CreatedOnToolsVersion = 7.3.1;
						DevelopmentTeam = 4SU7V64Q9J;
						TestTargetID = CF4090BE1D56DA4000D4FCC2;
					};
					CF4090E01D56DA4000D4FCC2 = {
						CreatedOnToolsVersion = 7.3.1;
						DevelopmentTeam = 4SU7V64Q9J;
						TestTargetID = CF4090BE1D56DA4000D4FCC2;
					};
				};
			};
			buildConfigurationList = CF4090BA1D56DA4000D4FCC2 /* Build configuration list for PBXProject "Swift_Sina" */;
			compatibilityVersion = "Xcode 3.2";
			developmentRegion = English;
			hasScannedForEncodings = 0;
			knownRegions = (
				en,
				Base,
			);
			mainGroup = CF4090B61D56DA4000D4FCC2;
			productRefGroup = CF4090C01D56DA4000D4FCC2 /* Products */;
			projectDirPath = "";
			projectRoot = "";
			targets = (
				CF4090BE1D56DA4000D4FCC2 /* Swift_Sina */,
				CF4090D51D56DA4000D4FCC2 /* Swift_SinaTests */,
				CF4090E01D56DA4000D4FCC2 /* Swift_SinaUITests */,
			);
		};
/* End PBXProject section */

/* Begin PBXResourcesBuildPhase section */
		CF4090BD1D56DA4000D4FCC2 /* Resources */ = {
			isa = PBXResourcesBuildPhase;
			buildActionMask = 2147483647;
			files = (
				CF4090D01D56DA4000D4FCC2 /* LaunchScreen.storyboard in Resources */,
				CF1E9FCB1D588BA3000E6D56 /* JSPopoverViewController.xib in Resources */,
				CF4091191D57307900D4FCC2 /* Assets.xcassets in Resources */,
				CF1E9FB21D580F83000E6D56 /* Profile.storyboard in Resources */,
				CF1E9FAD1D580F40000E6D56 /* Publish.storyboard in Resources */,
				CF19AEEC1D5C463B004BF2AD /* WelcomeViewController.xib in Resources */,
				CFDF5D691D60050E009B1680 /* PublishViewController.xib in Resources */,
				CF1E9FA81D580E78000E6D56 /* Message.storyboard in Resources */,
				CFDF5D801D6050BD009B1680 /* PicPickerCell.xib in Resources */,
				CF4090C81D56DA4000D4FCC2 /* Main.storyboard in Resources */,
				CF1E9FB01D580F5D000E6D56 /* Discover.storyboard in Resources */,
				CF1E9FA61D580E56000E6D56 /* Home.storyboard in Resources */,
				CF732AED1D5AFECD00820F66 /* QAuthViewController.xib in Resources */,
				CF1E9FC01D583A45000E6D56 /* VisitorView.xib in Resources */,
			);
			runOnlyForDeploymentPostprocessing = 0;
		};
		CF4090D41D56DA4000D4FCC2 /* Resources */ = {
			isa = PBXResourcesBuildPhase;
			buildActionMask = 2147483647;
			files = (
			);
			runOnlyForDeploymentPostprocessing = 0;
		};
		CF4090DF1D56DA4000D4FCC2 /* Resources */ = {
			isa = PBXResourcesBuildPhase;
			buildActionMask = 2147483647;
			files = (
			);
			runOnlyForDeploymentPostprocessing = 0;
		};
/* End PBXResourcesBuildPhase section */

/* Begin PBXShellScriptBuildPhase section */
		384448CC895AC7F78E4AD1E6 /* 📦 Embed Pods Frameworks */ = {
			isa = PBXShellScriptBuildPhase;
			buildActionMask = 2147483647;
			files = (
			);
			inputPaths = (
			);
			name = "📦 Embed Pods Frameworks";
			outputPaths = (
			);
			runOnlyForDeploymentPostprocessing = 0;
			shellPath = /bin/sh;
			shellScript = "\"${SRCROOT}/Pods/Target Support Files/Pods-Swift_Sina/Pods-Swift_Sina-frameworks.sh\"\n";
			showEnvVarsInLog = 0;
		};
		74A808601CC91FAACC4E56F2 /* 📦 Check Pods Manifest.lock */ = {
			isa = PBXShellScriptBuildPhase;
			buildActionMask = 2147483647;
			files = (
			);
			inputPaths = (
			);
			name = "📦 Check Pods Manifest.lock";
			outputPaths = (
			);
			runOnlyForDeploymentPostprocessing = 0;
			shellPath = /bin/sh;
			shellScript = "diff \"${PODS_ROOT}/../Podfile.lock\" \"${PODS_ROOT}/Manifest.lock\" > /dev/null\nif [[ $? != 0 ]] ; then\n    cat << EOM\nerror: The sandbox is not in sync with the Podfile.lock. Run 'pod install' or update your CocoaPods installation.\nEOM\n    exit 1\nfi\n";
			showEnvVarsInLog = 0;
		};
		DF25B757E22265E532BFC1A1 /* 📦 Copy Pods Resources */ = {
			isa = PBXShellScriptBuildPhase;
			buildActionMask = 2147483647;
			files = (
			);
			inputPaths = (
			);
			name = "📦 Copy Pods Resources";
			outputPaths = (
			);
			runOnlyForDeploymentPostprocessing = 0;
			shellPath = /bin/sh;
			shellScript = "\"${SRCROOT}/Pods/Target Support Files/Pods-Swift_Sina/Pods-Swift_Sina-resources.sh\"\n";
			showEnvVarsInLog = 0;
		};
/* End PBXShellScriptBuildPhase section */

/* Begin PBXSourcesBuildPhase section */
		CF4090BB1D56DA4000D4FCC2 /* Sources */ = {
			isa = PBXSourcesBuildPhase;
			buildActionMask = 2147483647;
			files = (
				CF732AF11D5B2F4A00820F66 /* JSNetWorkingTools.swift in Sources */,
				CF4091101D572C4100D4FCC2 /* MainViewController.swift in Sources */,
				CF1E9FC61D588713000E6D56 /* JSRightImageButton.swift in Sources */,
				CF732AE81D5ABE4300820F66 /* JSPopoverAnimation.swift in Sources */,
				CF4090C31D56DA4000D4FCC2 /* AppDelegate.swift in Sources */,
				CF732AF31D5B334E00820F66 /* UserAccount.swift in Sources */,
				CF19AEEB1D5C463B004BF2AD /* WelcomeViewController.swift in Sources */,
				CF4090CB1D56DA4000D4FCC2 /* Swift_Sina.xcdatamodeld in Sources */,
				CFDF5D7F1D6050BD009B1680 /* PicPickerCell.swift in Sources */,
				CF40911D1D5734D600D4FCC2 /* DiscoverViewController.swift in Sources */,
				CF732AEF1D5B028800820F66 /* Const.swift in Sources */,
				CF19AEF31D5C958D004BF2AD /* UserModel.swift in Sources */,
				CF732AEC1D5AFECD00820F66 /* QAuthViewController.swift in Sources */,
				CFDF5D6D1D600D26009B1680 /* JSPlaceHolderTextView.swift in Sources */,
				CFDF5D681D60050E009B1680 /* PublishViewController.swift in Sources */,
				CFDF5D7C1D604D7C009B1680 /* PicPickerCollectionView.swift in Sources */,
				CFDF5D6B1D600705009B1680 /* PublishTitleView.swift in Sources */,
				CF19AEF11D5C92FB004BF2AD /* NSDate-JSExtension.swift in Sources */,
				CF602B081D5D5E2A002B0D3C /* PictureCollectionView.swift in Sources */,
				CF1E9FCA1D588BA3000E6D56 /* JSPopoverViewController.swift in Sources */,
				CF40911F1D5734E100D4FCC2 /* ProfileViewController.swift in Sources */,
				CF1E9FBC1D583799000E6D56 /* BaseViewController.swift in Sources */,
				CF4091171D572DEF00D4FCC2 /* HomeViewController.swift in Sources */,
				CF19AEE71D5C41E4004BF2AD /* UserAccountViewModel.swift in Sources */,
				CF1E9FBE1D583A3D000E6D56 /* VisitorView.swift in Sources */,
				CF19AEEF1D5C6BC9004BF2AD /* StatusModel.swift in Sources */,
				CF1E9FC21D58830B000E6D56 /* UIBarButtonItem-JSExtension.swift in Sources */,
				CF19AEF71D5CA254004BF2AD /* HomeViewCell.swift in Sources */,
				CF19AEF51D5C9A58004BF2AD /* StatusViewModel.swift in Sources */,
				CF1E9FB61D582248000E6D56 /* UIButton-JSExtension.swift in Sources */,
				CF732AE61D5AAF8700820F66 /* JSPresentationController.swift in Sources */,
				CF40911B1D5734C700D4FCC2 /* MessageViewController.swift in Sources */,
			);
			runOnlyForDeploymentPostprocessing = 0;
		};
		CF4090D21D56DA4000D4FCC2 /* Sources */ = {
			isa = PBXSourcesBuildPhase;
			buildActionMask = 2147483647;
			files = (
				CF4090DB1D56DA4000D4FCC2 /* Swift_SinaTests.swift in Sources */,
			);
			runOnlyForDeploymentPostprocessing = 0;
		};
		CF4090DD1D56DA4000D4FCC2 /* Sources */ = {
			isa = PBXSourcesBuildPhase;
			buildActionMask = 2147483647;
			files = (
				CF4090E61D56DA4000D4FCC2 /* Swift_SinaUITests.swift in Sources */,
			);
			runOnlyForDeploymentPostprocessing = 0;
		};
/* End PBXSourcesBuildPhase section */

/* Begin PBXTargetDependency section */
		CF4090D81D56DA4000D4FCC2 /* PBXTargetDependency */ = {
			isa = PBXTargetDependency;
			target = CF4090BE1D56DA4000D4FCC2 /* Swift_Sina */;
			targetProxy = CF4090D71D56DA4000D4FCC2 /* PBXContainerItemProxy */;
		};
		CF4090E31D56DA4000D4FCC2 /* PBXTargetDependency */ = {
			isa = PBXTargetDependency;
			target = CF4090BE1D56DA4000D4FCC2 /* Swift_Sina */;
			targetProxy = CF4090E21D56DA4000D4FCC2 /* PBXContainerItemProxy */;
		};
/* End PBXTargetDependency section */

/* Begin PBXVariantGroup section */
		CF1E9FA41D580E56000E6D56 /* Home.storyboard */ = {
			isa = PBXVariantGroup;
			children = (
				CF1E9FA51D580E56000E6D56 /* Base */,
			);
			name = Home.storyboard;
			path = ../..;
			sourceTree = "<group>";
		};
		CF1E9FAE1D580F5D000E6D56 /* Discover.storyboard */ = {
			isa = PBXVariantGroup;
			children = (
				CF1E9FAF1D580F5D000E6D56 /* Base */,
			);
			name = Discover.storyboard;
			path = ../..;
			sourceTree = "<group>";
		};
		CF4090C61D56DA4000D4FCC2 /* Main.storyboard */ = {
			isa = PBXVariantGroup;
			children = (
				CF4090C71D56DA4000D4FCC2 /* Base */,
			);
			name = Main.storyboard;
			path = ../../..;
			sourceTree = "<group>";
		};
		CF4090CE1D56DA4000D4FCC2 /* LaunchScreen.storyboard */ = {
			isa = PBXVariantGroup;
			children = (
				CF4090CF1D56DA4000D4FCC2 /* Base */,
			);
			name = LaunchScreen.storyboard;
			sourceTree = "<group>";
		};
/* End PBXVariantGroup section */

/* Begin XCBuildConfiguration section */
		CF4090E81D56DA4000D4FCC2 /* Debug */ = {
			isa = XCBuildConfiguration;
			buildSettings = {
				ALWAYS_SEARCH_USER_PATHS = NO;
				CLANG_ANALYZER_NONNULL = YES;
				CLANG_CXX_LANGUAGE_STANDARD = "gnu++0x";
				CLANG_CXX_LIBRARY = "libc++";
				CLANG_ENABLE_MODULES = YES;
				CLANG_ENABLE_OBJC_ARC = YES;
				CLANG_WARN_BOOL_CONVERSION = YES;
				CLANG_WARN_CONSTANT_CONVERSION = YES;
				CLANG_WARN_DIRECT_OBJC_ISA_USAGE = YES_ERROR;
				CLANG_WARN_EMPTY_BODY = YES;
				CLANG_WARN_ENUM_CONVERSION = YES;
				CLANG_WARN_INT_CONVERSION = YES;
				CLANG_WARN_OBJC_ROOT_CLASS = YES_ERROR;
				CLANG_WARN_UNREACHABLE_CODE = YES;
				CLANG_WARN__DUPLICATE_METHOD_MATCH = YES;
				"CODE_SIGN_IDENTITY[sdk=iphoneos*]" = "iPhone Developer";
				COPY_PHASE_STRIP = NO;
				DEBUG_INFORMATION_FORMAT = dwarf;
				ENABLE_STRICT_OBJC_MSGSEND = YES;
				ENABLE_TESTABILITY = YES;
				GCC_C_LANGUAGE_STANDARD = gnu99;
				GCC_DYNAMIC_NO_PIC = NO;
				GCC_NO_COMMON_BLOCKS = YES;
				GCC_OPTIMIZATION_LEVEL = 0;
				GCC_PREPROCESSOR_DEFINITIONS = (
					"DEBUG=1",
					"$(inherited)",
				);
				GCC_WARN_64_TO_32_BIT_CONVERSION = YES;
				GCC_WARN_ABOUT_RETURN_TYPE = YES_ERROR;
				GCC_WARN_UNDECLARED_SELECTOR = YES;
				GCC_WARN_UNINITIALIZED_AUTOS = YES_AGGRESSIVE;
				GCC_WARN_UNUSED_FUNCTION = YES;
				GCC_WARN_UNUSED_VARIABLE = YES;
				IPHONEOS_DEPLOYMENT_TARGET = 9.3;
				MTL_ENABLE_DEBUG_INFO = YES;
				ONLY_ACTIVE_ARCH = YES;
				SDKROOT = iphoneos;
				SWIFT_OPTIMIZATION_LEVEL = "-Onone";
			};
			name = Debug;
		};
		CF4090E91D56DA4000D4FCC2 /* Release */ = {
			isa = XCBuildConfiguration;
			buildSettings = {
				ALWAYS_SEARCH_USER_PATHS = NO;
				CLANG_ANALYZER_NONNULL = YES;
				CLANG_CXX_LANGUAGE_STANDARD = "gnu++0x";
				CLANG_CXX_LIBRARY = "libc++";
				CLANG_ENABLE_MODULES = YES;
				CLANG_ENABLE_OBJC_ARC = YES;
				CLANG_WARN_BOOL_CONVERSION = YES;
				CLANG_WARN_CONSTANT_CONVERSION = YES;
				CLANG_WARN_DIRECT_OBJC_ISA_USAGE = YES_ERROR;
				CLANG_WARN_EMPTY_BODY = YES;
				CLANG_WARN_ENUM_CONVERSION = YES;
				CLANG_WARN_INT_CONVERSION = YES;
				CLANG_WARN_OBJC_ROOT_CLASS = YES_ERROR;
				CLANG_WARN_UNREACHABLE_CODE = YES;
				CLANG_WARN__DUPLICATE_METHOD_MATCH = YES;
				"CODE_SIGN_IDENTITY[sdk=iphoneos*]" = "iPhone Developer";
				COPY_PHASE_STRIP = NO;
				DEBUG_INFORMATION_FORMAT = "dwarf-with-dsym";
				ENABLE_NS_ASSERTIONS = NO;
				ENABLE_STRICT_OBJC_MSGSEND = YES;
				GCC_C_LANGUAGE_STANDARD = gnu99;
				GCC_NO_COMMON_BLOCKS = YES;
				GCC_WARN_64_TO_32_BIT_CONVERSION = YES;
				GCC_WARN_ABOUT_RETURN_TYPE = YES_ERROR;
				GCC_WARN_UNDECLARED_SELECTOR = YES;
				GCC_WARN_UNINITIALIZED_AUTOS = YES_AGGRESSIVE;
				GCC_WARN_UNUSED_FUNCTION = YES;
				GCC_WARN_UNUSED_VARIABLE = YES;
				IPHONEOS_DEPLOYMENT_TARGET = 9.3;
				MTL_ENABLE_DEBUG_INFO = NO;
				ONLY_ACTIVE_ARCH = YES;
				SDKROOT = iphoneos;
				VALIDATE_PRODUCT = YES;
			};
			name = Release;
		};
		CF4090EB1D56DA4000D4FCC2 /* Debug */ = {
			isa = XCBuildConfiguration;
			baseConfigurationReference = F5871772DD31A7D01F81A26F /* Pods-Swift_Sina.debug.xcconfig */;
			buildSettings = {
				ASSETCATALOG_COMPILER_APPICON_NAME = AppIcon;
				ASSETCATALOG_COMPILER_LAUNCHIMAGE_NAME = "Brand Assets";
				CODE_SIGN_IDENTITY = "iPhone Developer: su jiang (H4DTLXL76K)";
				"CODE_SIGN_IDENTITY[sdk=iphoneos*]" = "iPhone Developer: su jiang (H4DTLXL76K)";
				ENABLE_BITCODE = YES;
				INFOPLIST_FILE = Swift_Sina/Info.plist;
				IPHONEOS_DEPLOYMENT_TARGET = 9.0;
				LD_RUNPATH_SEARCH_PATHS = "$(inherited) @executable_path/Frameworks";
				ONLY_ACTIVE_ARCH = YES;
				PRODUCT_BUNDLE_IDENTIFIER = com.jiangsu.SwiftSina;
				PRODUCT_NAME = "$(TARGET_NAME)";
				PROVISIONING_PROFILE = "05c6aa53-05e9-40a4-8cc8-ae51985cfe60";
			};
			name = Debug;
		};
		CF4090EC1D56DA4000D4FCC2 /* Release */ = {
			isa = XCBuildConfiguration;
			baseConfigurationReference = 7A16539A4B52B8D96286FEFB /* Pods-Swift_Sina.release.xcconfig */;
			buildSettings = {
				ASSETCATALOG_COMPILER_APPICON_NAME = AppIcon;
				ASSETCATALOG_COMPILER_LAUNCHIMAGE_NAME = "Brand Assets";
				CODE_SIGN_IDENTITY = "iPhone Developer: su jiang (H4DTLXL76K)";
				"CODE_SIGN_IDENTITY[sdk=iphoneos*]" = "iPhone Developer: su jiang (H4DTLXL76K)";
				ENABLE_BITCODE = YES;
				INFOPLIST_FILE = Swift_Sina/Info.plist;
				IPHONEOS_DEPLOYMENT_TARGET = 9.0;
				LD_RUNPATH_SEARCH_PATHS = "$(inherited) @executable_path/Frameworks";
				ONLY_ACTIVE_ARCH = YES;
				PRODUCT_BUNDLE_IDENTIFIER = com.jiangsu.SwiftSina;
				PRODUCT_NAME = "$(TARGET_NAME)";
				PROVISIONING_PROFILE = "05c6aa53-05e9-40a4-8cc8-ae51985cfe60";
			};
			name = Release;
		};
		CF4090EE1D56DA4000D4FCC2 /* Debug */ = {
			isa = XCBuildConfiguration;
			buildSettings = {
				BUNDLE_LOADER = "$(TEST_HOST)";
				INFOPLIST_FILE = Swift_SinaTests/Info.plist;
				LD_RUNPATH_SEARCH_PATHS = "$(inherited) @executable_path/Frameworks @loader_path/Frameworks";
				PRODUCT_BUNDLE_IDENTIFIER = "com.jiangsu.www.Swift-SinaTests";
				PRODUCT_NAME = "$(TARGET_NAME)";
				TEST_HOST = "$(BUILT_PRODUCTS_DIR)/Swift_Sina.app/Swift_Sina";
			};
			name = Debug;
		};
		CF4090EF1D56DA4000D4FCC2 /* Release */ = {
			isa = XCBuildConfiguration;
			buildSettings = {
				BUNDLE_LOADER = "$(TEST_HOST)";
				INFOPLIST_FILE = Swift_SinaTests/Info.plist;
				LD_RUNPATH_SEARCH_PATHS = "$(inherited) @executable_path/Frameworks @loader_path/Frameworks";
				PRODUCT_BUNDLE_IDENTIFIER = "com.jiangsu.www.Swift-SinaTests";
				PRODUCT_NAME = "$(TARGET_NAME)";
				TEST_HOST = "$(BUILT_PRODUCTS_DIR)/Swift_Sina.app/Swift_Sina";
			};
			name = Release;
		};
		CF4090F11D56DA4000D4FCC2 /* Debug */ = {
			isa = XCBuildConfiguration;
			buildSettings = {
				INFOPLIST_FILE = Swift_SinaUITests/Info.plist;
				LD_RUNPATH_SEARCH_PATHS = "$(inherited) @executable_path/Frameworks @loader_path/Frameworks";
				PRODUCT_BUNDLE_IDENTIFIER = "com.jiangsu.www.Swift-SinaUITests";
				PRODUCT_NAME = "$(TARGET_NAME)";
				TEST_TARGET_NAME = Swift_Sina;
			};
			name = Debug;
		};
		CF4090F21D56DA4000D4FCC2 /* Release */ = {
			isa = XCBuildConfiguration;
			buildSettings = {
				INFOPLIST_FILE = Swift_SinaUITests/Info.plist;
				LD_RUNPATH_SEARCH_PATHS = "$(inherited) @executable_path/Frameworks @loader_path/Frameworks";
				PRODUCT_BUNDLE_IDENTIFIER = "com.jiangsu.www.Swift-SinaUITests";
				PRODUCT_NAME = "$(TARGET_NAME)";
				TEST_TARGET_NAME = Swift_Sina;
			};
			name = Release;
		};
/* End XCBuildConfiguration section */

/* Begin XCConfigurationList section */
		CF4090BA1D56DA4000D4FCC2 /* Build configuration list for PBXProject "Swift_Sina" */ = {
			isa = XCConfigurationList;
			buildConfigurations = (
				CF4090E81D56DA4000D4FCC2 /* Debug */,
				CF4090E91D56DA4000D4FCC2 /* Release */,
			);
			defaultConfigurationIsVisible = 0;
			defaultConfigurationName = Release;
		};
		CF4090EA1D56DA4000D4FCC2 /* Build configuration list for PBXNativeTarget "Swift_Sina" */ = {
			isa = XCConfigurationList;
			buildConfigurations = (
				CF4090EB1D56DA4000D4FCC2 /* Debug */,
				CF4090EC1D56DA4000D4FCC2 /* Release */,
			);
			defaultConfigurationIsVisible = 0;
			defaultConfigurationName = Release;
		};
		CF4090ED1D56DA4000D4FCC2 /* Build configuration list for PBXNativeTarget "Swift_SinaTests" */ = {
			isa = XCConfigurationList;
			buildConfigurations = (
				CF4090EE1D56DA4000D4FCC2 /* Debug */,
				CF4090EF1D56DA4000D4FCC2 /* Release */,
			);
			defaultConfigurationIsVisible = 0;
			defaultConfigurationName = Release;
		};
		CF4090F01D56DA4000D4FCC2 /* Build configuration list for PBXNativeTarget "Swift_SinaUITests" */ = {
			isa = XCConfigurationList;
			buildConfigurations = (
				CF4090F11D56DA4000D4FCC2 /* Debug */,
				CF4090F21D56DA4000D4FCC2 /* Release */,
			);
			defaultConfigurationIsVisible = 0;
			defaultConfigurationName = Release;
		};
/* End XCConfigurationList section */

/* Begin XCVersionGroup section */
		CF4090C91D56DA4000D4FCC2 /* Swift_Sina.xcdatamodeld */ = {
			isa = XCVersionGroup;
			children = (
				CF4090CA1D56DA4000D4FCC2 /* Swift_Sina.xcdatamodel */,
			);
			currentVersion = CF4090CA1D56DA4000D4FCC2 /* Swift_Sina.xcdatamodel */;
			path = Swift_Sina.xcdatamodeld;
			sourceTree = "<group>";
			versionGroupType = wrapper.xcdatamodel;
		};
/* End XCVersionGroup section */
	};
	rootObject = CF4090B71D56DA4000D4FCC2 /* Project object */;
}
